// !$*UTF8*$!
{
	archiveVersion = 1;
	classes = {
	};
	objectVersion = 46;
	objects = {

/* Begin PBXBuildFile section */
		317893C31A75AC11008A1983 /* movie_quote.mp3 in Resources */ = {isa = PBXBuildFile; fileRef = 317893C21A75AC11008A1983 /* movie_quote.mp3 */; };
		317893C61A75C499008A1983 /* Main.storyboard in Resources */ = {isa = PBXBuildFile; fileRef = 317893C41A75C499008A1983 /* Main.storyboard */; };
		317893C81A75C755008A1983 /* RecordedAudio.swift in Sources */ = {isa = PBXBuildFile; fileRef = 317893C71A75C755008A1983 /* RecordedAudio.swift */; };
		31EC398A1A6D9CF0007AAFC1 /* AppDelegate.swift in Sources */ = {isa = PBXBuildFile; fileRef = 31EC39891A6D9CF0007AAFC1 /* AppDelegate.swift */; };
		31EC398C1A6D9CF0007AAFC1 /* RecordSoundsViewController.swift in Sources */ = {isa = PBXBuildFile; fileRef = 31EC398B1A6D9CF0007AAFC1 /* RecordSoundsViewController.swift */; };
		31EC39911A6D9CF0007AAFC1 /* Images.xcassets in Resources */ = {isa = PBXBuildFile; fileRef = 31EC39901A6D9CF0007AAFC1 /* Images.xcassets */; };
		31EC39941A6D9CF0007AAFC1 /* LaunchScreen.xib in Resources */ = {isa = PBXBuildFile; fileRef = 31EC39921A6D9CF0007AAFC1 /* LaunchScreen.xib */; };
		31EC39A01A6D9CF0007AAFC1 /* Pitch_PerfectTests.swift in Sources */ = {isa = PBXBuildFile; fileRef = 31EC399F1A6D9CF0007AAFC1 /* Pitch_PerfectTests.swift */; };
		31EC39AC1A731D58007AAFC1 /* PlaySoundsViewController.swift in Sources */ = {isa = PBXBuildFile; fileRef = 31EC39AB1A731D58007AAFC1 /* PlaySoundsViewController.swift */; };
/* End PBXBuildFile section */

/* Begin PBXContainerItemProxy section */
		31EC399A1A6D9CF0007AAFC1 /* PBXContainerItemProxy */ = {
			isa = PBXContainerItemProxy;
			containerPortal = 31EC397C1A6D9CF0007AAFC1 /* Project object */;
			proxyType = 1;
			remoteGlobalIDString = 31EC39831A6D9CF0007AAFC1;
			remoteInfo = "Pitch Perfect";
		};
/* End PBXContainerItemProxy section */

/* Begin PBXFileReference section */
		317893C21A75AC11008A1983 /* movie_quote.mp3 */ = {isa = PBXFileReference; lastKnownFileType = audio.mp3; path = movie_quote.mp3; sourceTree = "<group>"; };
		317893C51A75C499008A1983 /* Base */ = {isa = PBXFileReference; lastKnownFileType = file.storyboard; name = Base; path = Base.lproj/Main.storyboard; sourceTree = "<group>"; };
		317893C71A75C755008A1983 /* RecordedAudio.swift */ = {isa = PBXFileReference; fileEncoding = 4; lastKnownFileType = sourcecode.swift; path = RecordedAudio.swift; sourceTree = "<group>"; };
		31EC39841A6D9CF0007AAFC1 /* Pitch Perfect.app */ = {isa = PBXFileReference; explicitFileType = wrapper.application; includeInIndex = 0; path = "Pitch Perfect.app"; sourceTree = BUILT_PRODUCTS_DIR; };
		31EC39881A6D9CF0007AAFC1 /* Info.plist */ = {isa = PBXFileReference; lastKnownFileType = text.plist.xml; path = Info.plist; sourceTree = "<group>"; };
		31EC39891A6D9CF0007AAFC1 /* AppDelegate.swift */ = {isa = PBXFileReference; lastKnownFileType = sourcecode.swift; path = AppDelegate.swift; sourceTree = "<group>"; };
		31EC398B1A6D9CF0007AAFC1 /* RecordSoundsViewController.swift */ = {isa = PBXFileReference; lastKnownFileType = sourcecode.swift; path = RecordSoundsViewController.swift; sourceTree = "<group>"; };
		31EC39901A6D9CF0007AAFC1 /* Images.xcassets */ = {isa = PBXFileReference; lastKnownFileType = folder.assetcatalog; path = Images.xcassets; sourceTree = "<group>"; };
		31EC39931A6D9CF0007AAFC1 /* Base */ = {isa = PBXFileReference; lastKnownFileType = file.xib; name = Base; path = Base.lproj/LaunchScreen.xib; sourceTree = "<group>"; };
		31EC39991A6D9CF0007AAFC1 /* Pitch PerfectTests.xctest */ = {isa = PBXFileReference; explicitFileType = wrapper.cfbundle; includeInIndex = 0; path = "Pitch PerfectTests.xctest"; sourceTree = BUILT_PRODUCTS_DIR; };
		31EC399E1A6D9CF0007AAFC1 /* Info.plist */ = {isa = PBXFileReference; lastKnownFileType = text.plist.xml; path = Info.plist; sourceTree = "<group>"; };
		31EC399F1A6D9CF0007AAFC1 /* Pitch_PerfectTests.swift */ = {isa = PBXFileReference; lastKnownFileType = sourcecode.swift; path = Pitch_PerfectTests.swift; sourceTree = "<group>"; };
		31EC39AB1A731D58007AAFC1 /* PlaySoundsViewController.swift */ = {isa = PBXFileReference; fileEncoding = 4; lastKnownFileType = sourcecode.swift; path = PlaySoundsViewController.swift; sourceTree = "<group>"; };
/* End PBXFileReference section */

/* Begin PBXFrameworksBuildPhase section */
		31EC39811A6D9CF0007AAFC1 /* Frameworks */ = {
			isa = PBXFrameworksBuildPhase;
			buildActionMask = 2147483647;
			files = (
			);
			runOnlyForDeploymentPostprocessing = 0;
		};
		31EC39961A6D9CF0007AAFC1 /* Frameworks */ = {
			isa = PBXFrameworksBuildPhase;
			buildActionMask = 2147483647;
			files = (
			);
			runOnlyForDeploymentPostprocessing = 0;
		};
/* End PBXFrameworksBuildPhase section */

/* Begin PBXGroup section */
		31EC397B1A6D9CF0007AAFC1 = {
			isa = PBXGroup;
			children = (
				31EC39861A6D9CF0007AAFC1 /* Pitch Perfect */,
				31EC399C1A6D9CF0007AAFC1 /* Pitch PerfectTests */,
				31EC39851A6D9CF0007AAFC1 /* Products */,
			);
			sourceTree = "<group>";
		};
		31EC39851A6D9CF0007AAFC1 /* Products */ = {
			isa = PBXGroup;
			children = (
				31EC39841A6D9CF0007AAFC1 /* Pitch Perfect.app */,
				31EC39991A6D9CF0007AAFC1 /* Pitch PerfectTests.xctest */,
			);
			name = Products;
			sourceTree = "<group>";
		};
		31EC39861A6D9CF0007AAFC1 /* Pitch Perfect */ = {
			isa = PBXGroup;
			children = (
				31EC39891A6D9CF0007AAFC1 /* AppDelegate.swift */,
				31EC398B1A6D9CF0007AAFC1 /* RecordSoundsViewController.swift */,
				317893C71A75C755008A1983 /* RecordedAudio.swift */,
				31EC39AB1A731D58007AAFC1 /* PlaySoundsViewController.swift */,
				317893C41A75C499008A1983 /* Main.storyboard */,
				31EC39901A6D9CF0007AAFC1 /* Images.xcassets */,
				31EC39921A6D9CF0007AAFC1 /* LaunchScreen.xib */,
				31EC39871A6D9CF0007AAFC1 /* Supporting Files */,
			);
			path = "Pitch Perfect";
			sourceTree = "<group>";
		};
		31EC39871A6D9CF0007AAFC1 /* Supporting Files */ = {
			isa = PBXGroup;
			children = (
				317893C21A75AC11008A1983 /* movie_quote.mp3 */,
				31EC39881A6D9CF0007AAFC1 /* Info.plist */,
			);
			name = "Supporting Files";
			sourceTree = "<group>";
		};
		31EC399C1A6D9CF0007AAFC1 /* Pitch PerfectTests */ = {
			isa = PBXGroup;
			children = (
				31EC399F1A6D9CF0007AAFC1 /* Pitch_PerfectTests.swift */,
				31EC399D1A6D9CF0007AAFC1 /* Supporting Files */,
			);
			path = "Pitch PerfectTests";
			sourceTree = "<group>";
		};
		31EC399D1A6D9CF0007AAFC1 /* Supporting Files */ = {
			isa = PBXGroup;
			children = (
				31EC399E1A6D9CF0007AAFC1 /* Info.plist */,
			);
			name = "Supporting Files";
			sourceTree = "<group>";
		};
/* End PBXGroup section */

/* Begin PBXNativeTarget section */
		31EC39831A6D9CF0007AAFC1 /* Pitch Perfect */ = {
			isa = PBXNativeTarget;
			buildConfigurationList = 31EC39A31A6D9CF0007AAFC1 /* Build configuration list for PBXNativeTarget "Pitch Perfect" */;
			buildPhases = (
				31EC39801A6D9CF0007AAFC1 /* Sources */,
				31EC39811A6D9CF0007AAFC1 /* Frameworks */,
				31EC39821A6D9CF0007AAFC1 /* Resources */,
			);
			buildRules = (
			);
			dependencies = (
			);
			name = "Pitch Perfect";
			productName = "Pitch Perfect";
			productReference = 31EC39841A6D9CF0007AAFC1 /* Pitch Perfect.app */;
			productType = "com.apple.product-type.application";
		};
		31EC39981A6D9CF0007AAFC1 /* Pitch PerfectTests */ = {
			isa = PBXNativeTarget;
			buildConfigurationList = 31EC39A61A6D9CF0007AAFC1 /* Build configuration list for PBXNativeTarget "Pitch PerfectTests" */;
			buildPhases = (
				31EC39951A6D9CF0007AAFC1 /* Sources */,
				31EC39961A6D9CF0007AAFC1 /* Frameworks */,
				31EC39971A6D9CF0007AAFC1 /* Resources */,
			);
			buildRules = (
			);
			dependencies = (
				31EC399B1A6D9CF0007AAFC1 /* PBXTargetDependency */,
			);
			name = "Pitch PerfectTests";
			productName = "Pitch PerfectTests";
			productReference = 31EC39991A6D9CF0007AAFC1 /* Pitch PerfectTests.xctest */;
			productType = "com.apple.product-type.bundle.unit-test";
		};
/* End PBXNativeTarget section */

/* Begin PBXProject section */
		31EC397C1A6D9CF0007AAFC1 /* Project object */ = {
			isa = PBXProject;
			attributes = {
				LastUpgradeCheck = 0610;
				ORGANIZATIONNAME = "Harry Eng";
				TargetAttributes = {
					31EC39831A6D9CF0007AAFC1 = {
						CreatedOnToolsVersion = 6.1.1;
					};
					31EC39981A6D9CF0007AAFC1 = {
						CreatedOnToolsVersion = 6.1.1;
						TestTargetID = 31EC39831A6D9CF0007AAFC1;
					};
				};
			};
			buildConfigurationList = 31EC397F1A6D9CF0007AAFC1 /* Build configuration list for PBXProject "Pitch Perfect" */;
			compatibilityVersion = "Xcode 3.2";
			developmentRegion = English;
			hasScannedForEncodings = 0;
			knownRegions = (
				en,
				Base,
			);
			mainGroup = 31EC397B1A6D9CF0007AAFC1;
			productRefGroup = 31EC39851A6D9CF0007AAFC1 /* Products */;
			projectDirPath = "";
			projectRoot = "";
			targets = (
				31EC39831A6D9CF0007AAFC1 /* Pitch Perfect */,
				31EC39981A6D9CF0007AAFC1 /* Pitch PerfectTests */,
			);
		};
/* End PBXProject section */

/* Begin PBXResourcesBuildPhase section */
		31EC39821A6D9CF0007AAFC1 /* Resources */ = {
			isa = PBXResourcesBuildPhase;
			buildActionMask = 2147483647;
			files = (
				31EC39941A6D9CF0007AAFC1 /* LaunchScreen.xib in Resources */,
				317893C31A75AC11008A1983 /* movie_quote.mp3 in Resources */,
				31EC39911A6D9CF0007AAFC1 /* Images.xcassets in Resources */,
				317893C61A75C499008A1983 /* Main.storyboard in Resources */,
			);
			runOnlyForDeploymentPostprocessing = 0;
		};
		31EC39971A6D9CF0007AAFC1 /* Resources */ = {
			isa = PBXResourcesBuildPhase;
			buildActionMask = 2147483647;
			files = (
			);
			runOnlyForDeploymentPostprocessing = 0;
		};
/* End PBXResourcesBuildPhase section */

/* Begin PBXSourcesBuildPhase section */
		31EC39801A6D9CF0007AAFC1 /* Sources */ = {
			isa = PBXSourcesBuildPhase;
			buildActionMask = 2147483647;
			files = (
				317893C81A75C755008A1983 /* RecordedAudio.swift in Sources */,
				31EC398C1A6D9CF0007AAFC1 /* RecordSoundsViewController.swift in Sources */,
				31EC39AC1A731D58007AAFC1 /* PlaySoundsViewController.swift in Sources */,
				31EC398A1A6D9CF0007AAFC1 /* AppDelegate.swift in Sources */,
			);
			runOnlyForDeploymentPostprocessing = 0;
		};
		31EC39951A6D9CF0007AAFC1 /* Sources */ = {
			isa = PBXSourcesBuildPhase;
			buildActionMask = 2147483647;
			files = (
				31EC39A01A6D9CF0007AAFC1 /* Pitch_PerfectTests.swift in Sources */,
			);
			runOnlyForDeploymentPostprocessing = 0;
		};
/* End PBXSourcesBuildPhase section */

/* Begin PBXTargetDependency section */
		31EC399B1A6D9CF0007AAFC1 /* PBXTargetDependency */ = {
			isa = PBXTargetDependency;
			target = 31EC39831A6D9CF0007AAFC1 /* Pitch Perfect */;
			targetProxy = 31EC399A1A6D9CF0007AAFC1 /* PBXContainerItemProxy */;
		};
/* End PBXTargetDependency section */

/* Begin PBXVariantGroup section */
		317893C41A75C499008A1983 /* Main.storyboard */ = {
			isa = PBXVariantGroup;
			children = (
				317893C51A75C499008A1983 /* Base */,
			);
			name = Main.storyboard;
			sourceTree = "<group>";
		};
		31EC39921A6D9CF0007AAFC1 /* LaunchScreen.xib */ = {
			isa = PBXVariantGroup;
			children = (
				31EC39931A6D9CF0007AAFC1 /* Base */,
			);
			name = LaunchScreen.xib;
			sourceTree = "<group>";
		};
/* End PBXVariantGroup section */

/* Begin XCBuildConfiguration section */
		31EC39A11A6D9CF0007AAFC1 /* Debug */ = {
			isa = XCBuildConfiguration;
			buildSettings = {
				ALWAYS_SEARCH_USER_PATHS = NO;
				CLANG_CXX_LANGUAGE_STANDARD = "gnu++0x";
				CLANG_CXX_LIBRARY = "libc++";
				CLANG_ENABLE_MODULES = YES;
				CLANG_ENABLE_OBJC_ARC = YES;
				CLANG_WARN_BOOL_CONVERSION = YES;
				CLANG_WARN_CONSTANT_CONVERSION = YES;
				CLANG_WARN_DIRECT_OBJC_ISA_USAGE = YES_ERROR;
				CLANG_WARN_EMPTY_BODY = YES;
				CLANG_WARN_ENUM_CONVERSION = YES;
				CLANG_WARN_INT_CONVERSION = YES;
				CLANG_WARN_OBJC_ROOT_CLASS = YES_ERROR;
				CLANG_WARN_UNREACHABLE_CODE = YES;
				CLANG_WARN__DUPLICATE_METHOD_MATCH = YES;
				"CODE_SIGN_IDENTITY[sdk=iphoneos*]" = "iPhone Developer";
				COPY_PHASE_STRIP = NO;
				ENABLE_STRICT_OBJC_MSGSEND = YES;
				GCC_C_LANGUAGE_STANDARD = gnu99;
				GCC_DYNAMIC_NO_PIC = NO;
				GCC_OPTIMIZATION_LEVEL = 0;
				GCC_PREPROCESSOR_DEFINITIONS = (
					"DEBUG=1",
					"$(inherited)",
				);
				GCC_SYMBOLS_PRIVATE_EXTERN = NO;
				GCC_WARN_64_TO_32_BIT_CONVERSION = YES;
				GCC_WARN_ABOUT_RETURN_TYPE = YES_ERROR;
				GCC_WARN_UNDECLARED_SELECTOR = YES;
				GCC_WARN_UNINITIALIZED_AUTOS = YES_AGGRESSIVE;
				GCC_WARN_UNUSED_FUNCTION = YES;
				GCC_WARN_UNUSED_VARIABLE = YES;
				IPHONEOS_DEPLOYMENT_TARGET = 8.1;
				MTL_ENABLE_DEBUG_INFO = YES;
				ONLY_ACTIVE_ARCH = YES;
				SDKROOT = iphoneos;
				SWIFT_OPTIMIZATION_LEVEL = "-Onone";
			};
			name = Debug;
		};
		31EC39A21A6D9CF0007AAFC1 /* Release */ = {
			isa = XCBuildConfiguration;
			buildSettings = {
				ALWAYS_SEARCH_USER_PATHS = NO;
				CLANG_CXX_LANGUAGE_STANDARD = "gnu++0x";
				CLANG_CXX_LIBRARY = "libc++";
				CLANG_ENABLE_MODULES = YES;
				CLANG_ENABLE_OBJC_ARC = YES;
				CLANG_WARN_BOOL_CONVERSION = YES;
				CLANG_WARN_CONSTANT_CONVERSION = YES;
				CLANG_WARN_DIRECT_OBJC_ISA_USAGE = YES_ERROR;
				CLANG_WARN_EMPTY_BODY = YES;
				CLANG_WARN_ENUM_CONVERSION = YES;
				CLANG_WARN_INT_CONVERSION = YES;
				CLANG_WARN_OBJC_ROOT_CLASS = YES_ERROR;
				CLANG_WARN_UNREACHABLE_CODE = YES;
				CLANG_WARN__DUPLICATE_METHOD_MATCH = YES;
				"CODE_SIGN_IDENTITY[sdk=iphoneos*]" = "iPhone Developer";
				COPY_PHASE_STRIP = YES;
				ENABLE_NS_ASSERTIONS = NO;
				ENABLE_STRICT_OBJC_MSGSEND = YES;
				GCC_C_LANGUAGE_STANDARD = gnu99;
				GCC_WARN_64_TO_32_BIT_CONVERSION = YES;
				GCC_WARN_ABOUT_RETURN_TYPE = YES_ERROR;
				GCC_WARN_UNDECLARED_SELECTOR = YES;
				GCC_WARN_UNINITIALIZED_AUTOS = YES_AGGRESSIVE;
				GCC_WARN_UNUSED_FUNCTION = YES;
				GCC_WARN_UNUSED_VARIABLE = YES;
				IPHONEOS_DEPLOYMENT_TARGET = 8.1;
				MTL_ENABLE_DEBUG_INFO = NO;
				SDKROOT = iphoneos;
				VALIDATE_PRODUCT = YES;
			};
			name = Release;
		};
		31EC39A41A6D9CF0007AAFC1 /* Debug */ = {
			isa = XCBuildConfiguration;
			buildSettings = {
				ASSETCATALOG_COMPILER_APPICON_NAME = AppIcon;
				INFOPLIST_FILE = "Pitch Perfect/Info.plist";
				LD_RUNPATH_SEARCH_PATHS = "$(inherited) @executable_path/Frameworks";
				PRODUCT_NAME = "$(TARGET_NAME)";
			};
			name = Debug;
		};
		31EC39A51A6D9CF0007AAFC1 /* Release */ = {
			isa = XCBuildConfiguration;
			buildSettings = {
				ASSETCATALOG_COMPILER_APPICON_NAME = AppIcon;
				INFOPLIST_FILE = "Pitch Perfect/Info.plist";
				LD_RUNPATH_SEARCH_PATHS = "$(inherited) @executable_path/Frameworks";
				PRODUCT_NAME = "$(TARGET_NAME)";
			};
			name = Release;
		};
		31EC39A71A6D9CF0007AAFC1 /* Debug */ = {
			isa = XCBuildConfiguration;
			buildSettings = {
				BUNDLE_LOADER = "$(TEST_HOST)";
				FRAMEWORK_SEARCH_PATHS = (
					"$(SDKROOT)/Developer/Library/Frameworks",
					"$(inherited)",
				);
				GCC_PREPROCESSOR_DEFINITIONS = (
					"DEBUG=1",
					"$(inherited)",
				);
				INFOPLIST_FILE = "Pitch PerfectTests/Info.plist";
				LD_RUNPATH_SEARCH_PATHS = "$(inherited) @executable_path/Frameworks @loader_path/Frameworks";
				PRODUCT_NAME = "$(TARGET_NAME)";
				TEST_HOST = "$(BUILT_PRODUCTS_DIR)/Pitch Perfect.app/Pitch Perfect";
			};
			name = Debug;
		};
		31EC39A81A6D9CF0007AAFC1 /* Release */ = {
			isa = XCBuildConfiguration;
			buildSettings = {
				BUNDLE_LOADER = "$(TEST_HOST)";
				FRAMEWORK_SEARCH_PATHS = (
					"$(SDKROOT)/Developer/Library/Frameworks",
					"$(inherited)",
				);
				INFOPLIST_FILE = "Pitch PerfectTests/Info.plist";
				LD_RUNPATH_SEARCH_PATHS = "$(inherited) @executable_path/Frameworks @loader_path/Frameworks";
				PRODUCT_NAME = "$(TARGET_NAME)";
				TEST_HOST = "$(BUILT_PRODUCTS_DIR)/Pitch Perfect.app/Pitch Perfect";
			};
			name = Release;
		};
/* End XCBuildConfiguration section */

/* Begin XCConfigurationList section */
		31EC397F1A6D9CF0007AAFC1 /* Build configuration list for PBXProject "Pitch Perfect" */ = {
			isa = XCConfigurationList;
			buildConfigurations = (
				31EC39A11A6D9CF0007AAFC1 /* Debug */,
				31EC39A21A6D9CF0007AAFC1 /* Release */,
			);
			defaultConfigurationIsVisible = 0;
			defaultConfigurationName = Release;
		};
		31EC39A31A6D9CF0007AAFC1 /* Build configuration list for PBXNativeTarget "Pitch Perfect" */ = {
			isa = XCConfigurationList;
			buildConfigurations = (
				31EC39A41A6D9CF0007AAFC1 /* Debug */,
				31EC39A51A6D9CF0007AAFC1 /* Release */,
			);
			defaultConfigurationIsVisible = 0;
			defaultConfigurationName = Release;
		};
		31EC39A61A6D9CF0007AAFC1 /* Build configuration list for PBXNativeTarget "Pitch PerfectTests" */ = {
			isa = XCConfigurationList;
			buildConfigurations = (
				31EC39A71A6D9CF0007AAFC1 /* Debug */,
				31EC39A81A6D9CF0007AAFC1 /* Release */,
			);
			defaultConfigurationIsVisible = 0;
			defaultConfigurationName = Release;
		};
/* End XCConfigurationList section */
	};
	rootObject = 31EC397C1A6D9CF0007AAFC1 /* Project object */;
}
